
Microsoft Visual Studio Solution File, Format Version 12.00
# Visual Studio Version 17
VisualStudioVersion = 17.14.36203.30 d17.14
MinimumVisualStudioVersion = 10.0.40219.1
Project("{FAE04EC0-301F-11D3-BF4B-00C04F79EFBC}") = "WpfApp1-Pr01", "WpfApp1-Pr01\WpfApp1-Pr01.csproj", "{34C3685A-554A-4E7F-AA59-F3AB9F289576}"
EndProject
Global
	GlobalSection(SolutionConfigurationPlatforms) = preSolution
		Debug|Any CPU = Debug|Any CPU
		Release|Any CPU = Release|Any CPU
	EndGlobalSection
	GlobalSection(ProjectConfigurationPlatforms) = postSolution
		{34C3685A-554A-4E7F-AA59-F3AB9F289576}.Debug|Any CPU.ActiveCfg = Debug|Any CPU
		{34C3685A-554A-4E7F-AA59-F3AB9F289576}.Debug|Any CPU.Build.0 = Debug|Any CPU
		{34C3685A-554A-4E7F-AA59-F3AB9F289576}.Release|Any CPU.ActiveCfg = Release|Any CPU
		{34C3685A-554A-4E7F-AA59-F3AB9F289576}.Release|Any CPU.Build.0 = Release|Any CPU
	EndGlobalSection
	GlobalSection(SolutionProperties) = preSolution
		HideSolutionNode = FALSE
	EndGlobalSection
	GlobalSection(ExtensibilityGlobals) = postSolution
		SolutionGuid = {7ED26ABE-58E8-4165-9421-3BA4B0A4AD1D}
	EndGlobalSection
EndGlobal
